
Microsoft Visual Studio Solution File, Format Version 12.00
# Visual Studio Version 17
VisualStudioVersion = 17.14.36301.6 d17.14
MinimumVisualStudioVersion = 10.0.40219.1
Project("{8BC9CEB8-8B4A-11D0-8D11-00A0C91BC942}") = "game_01", "game_01.vcxproj", "{31F28DF7-E3A2-4232-B4C2-35FDF64C7F2D}"
EndProject
Global
	GlobalSection(SolutionConfigurationPlatforms) = preSolution
		Debug|x64 = Debug|x64
		Develop|x64 = Develop|x64
		Release|x64 = Release|x64
	EndGlobalSection
	GlobalSection(ProjectConfigurationPlatforms) = postSolution
		{31F28DF7-E3A2-4232-B4C2-35FDF64C7F2D}.Debug|x64.ActiveCfg = Debug|x64
		{31F28DF7-E3A2-4232-B4C2-35FDF64C7F2D}.Debug|x64.Build.0 = Debug|x64
		{31F28DF7-E3A2-4232-B4C2-35FDF64C7F2D}.Develop|x64.ActiveCfg = Develop|x64
		{31F28DF7-E3A2-4232-B4C2-35FDF64C7F2D}.Develop|x64.Build.0 = Develop|x64
		{31F28DF7-E3A2-4232-B4C2-35FDF64C7F2D}.Release|x64.ActiveCfg = Release|x64
		{31F28DF7-E3A2-4232-B4C2-35FDF64C7F2D}.Release|x64.Build.0 = Release|x64
	EndGlobalSection
	GlobalSection(SolutionProperties) = preSolution
		HideSolutionNode = FALSE
	EndGlobalSection
	GlobalSection(ExtensibilityGlobals) = postSolution
		SolutionGuid = {82B99743-B5E1-4CC0-A834-E6E713FFB15D}
	EndGlobalSection
EndGlobal
